{
    "_meta": {
        "hash": {
            "sha256": "7005b9aa31bd477656834c02489f0bc5640ee75b37bcecb585951f4a2b40f41a"
        },
        "pipfile-spec": 6,
        "requires": {
            "python_version": "3.10"
        },
        "sources": [
            {
                "name": "pypi",
                "url": "https://pypi.org/simple",
                "verify_ssl": true
            }
        ]
    },
    "default": {
        "python-http-client": {
            "hashes": [
                "sha256:ad371d2bbedc6ea15c26179c6222a78bc9308d272435ddf1d5c84f068f249a36",
                "sha256:bf841ee45262747e00dec7ee9971dfb8c7d83083f5713596488d67739170cea0"
            ],
            "markers": "python_version >= '2.7' and python_version not in '3.0, 3.1, 3.2, 3.3'",
            "version": "==3.3.7"
        },
        "sendgrid": {
            "hashes": [
                "sha256:43ecf5bb742ea5850c7cfe68f5e7d9948772352306d4e83e119899959538b884",
                "sha256:71424b2a97f5a034121ea3b2666c653ba0ed315982f0d57b7851c0c9503dc5ab"
            ],
            "index": "pypi",
            "version": "==6.11.0"
        },
        "starkbank-ecdsa": {
            "hashes": [
                "sha256:9399c3371b899d4a235b68a1ed7919d202fbf024bd2c863ae8ebdad343c2a63a"
            ],
            "version": "==2.2.0"
        }
    },
    "develop": {}
}
